
Microsoft Visual Studio Solution File, Format Version 12.00
# Visual Studio Version 16
VisualStudioVersion = 16.0.30011.22
MinimumVisualStudioVersion = 10.0.40219.1
Project("{9A19103F-16F7-4668-BE54-9A1E7A4F7556}") = "ConsultaMetrobus", "ConsultaMetrobus\ConsultaMetrobus.csproj", "{4EEAC5B9-F71F-408A-BFDE-40EB64743E5A}"
EndProject
Project("{9A19103F-16F7-4668-BE54-9A1E7A4F7556}") = "Negocio", "Negocio\Negocio.csproj", "{A9F80C29-5EEC-4739-BF6C-0C2B38ADA4EA}"
EndProject
Project("{9A19103F-16F7-4668-BE54-9A1E7A4F7556}") = "ServicioMetrobus", "ServicioMetrobus\ServicioMetrobus.csproj", "{2BF6D47D-B489-4821-8DE1-B4518254A176}"
EndProject
Project("{2150E333-8FDC-42A3-9474-1A3956D46DE8}") = "Solution Items", "Solution Items", "{43AD4693-BC91-4CE2-A51D-B9F82FE1EBB0}"
	ProjectSection(SolutionItems) = preProject
		Dockerfile = Dockerfile
	EndProjectSection
EndProject
Global
	GlobalSection(SolutionConfigurationPlatforms) = preSolution
		Debug|Any CPU = Debug|Any CPU
		Release|Any CPU = Release|Any CPU
	EndGlobalSection
	GlobalSection(ProjectConfigurationPlatforms) = postSolution
		{4EEAC5B9-F71F-408A-BFDE-40EB64743E5A}.Debug|Any CPU.ActiveCfg = Debug|Any CPU
		{4EEAC5B9-F71F-408A-BFDE-40EB64743E5A}.Debug|Any CPU.Build.0 = Debug|Any CPU
		{4EEAC5B9-F71F-408A-BFDE-40EB64743E5A}.Release|Any CPU.ActiveCfg = Release|Any CPU
		{4EEAC5B9-F71F-408A-BFDE-40EB64743E5A}.Release|Any CPU.Build.0 = Release|Any CPU
		{A9F80C29-5EEC-4739-BF6C-0C2B38ADA4EA}.Debug|Any CPU.ActiveCfg = Debug|Any CPU
		{A9F80C29-5EEC-4739-BF6C-0C2B38ADA4EA}.Debug|Any CPU.Build.0 = Debug|Any CPU
		{A9F80C29-5EEC-4739-BF6C-0C2B38ADA4EA}.Release|Any CPU.ActiveCfg = Release|Any CPU
		{A9F80C29-5EEC-4739-BF6C-0C2B38ADA4EA}.Release|Any CPU.Build.0 = Release|Any CPU
		{2BF6D47D-B489-4821-8DE1-B4518254A176}.Debug|Any CPU.ActiveCfg = Debug|Any CPU
		{2BF6D47D-B489-4821-8DE1-B4518254A176}.Debug|Any CPU.Build.0 = Debug|Any CPU
		{2BF6D47D-B489-4821-8DE1-B4518254A176}.Release|Any CPU.ActiveCfg = Release|Any CPU
		{2BF6D47D-B489-4821-8DE1-B4518254A176}.Release|Any CPU.Build.0 = Release|Any CPU
	EndGlobalSection
	GlobalSection(SolutionProperties) = preSolution
		HideSolutionNode = FALSE
	EndGlobalSection
	GlobalSection(ExtensibilityGlobals) = postSolution
		SolutionGuid = {0FF92FFD-93CF-44AF-B83F-46F0DD72441A}
	EndGlobalSection
EndGlobal
